
Microsoft Visual Studio Solution File, Format Version 12.00
# Visual Studio Version 17
VisualStudioVersion = 17.10.35122.118
MinimumVisualStudioVersion = 10.0.40219.1
Project("{2150E333-8FDC-42A3-9474-1A3956D46DE8}") = "src", "src", "{B7A50A05-AEDB-4847-A1FB-D157D8A0F39F}"
EndProject
Project("{2150E333-8FDC-42A3-9474-1A3956D46DE8}") = "Services", "Services", "{D38CFE50-EE17-4EDA-8B48-41206509854E}"
EndProject
Project("{2150E333-8FDC-42A3-9474-1A3956D46DE8}") = "Catalog", "Catalog", "{5FFE3B11-41E5-4A79-AFBF-1167AB6F01EE}"
EndProject
Project("{2150E333-8FDC-42A3-9474-1A3956D46DE8}") = "Basket", "Basket", "{4F93D665-3B0D-42F2-BAC3-A3CEFC83C5E0}"
EndProject
Project("{2150E333-8FDC-42A3-9474-1A3956D46DE8}") = "Order", "Order", "{763B6B2A-C716-42E2-BF98-BC95C716082D}"
EndProject
Project("{2150E333-8FDC-42A3-9474-1A3956D46DE8}") = "Payment", "Payment", "{18C04529-28B4-4A63-B90F-1EC154825439}"
EndProject
Project("{9A19103F-16F7-4668-BE54-9A1E7A4F7556}") = "VKEshop.Catalog.API", "src\Services\Catalog\VKEshop.Catalog.API\VKEshop.Catalog.API.csproj", "{0EBE165A-171E-4D4C-84E4-861EEF97B0E6}"
EndProject
Project("{9A19103F-16F7-4668-BE54-9A1E7A4F7556}") = "VKEshop.Catalog.Application", "src\Services\Catalog\VKEshop.Catalog.Application\VKEshop.Catalog.Application.csproj", "{1D3F9326-095D-471B-849A-4E8546EA73A9}"
EndProject
Project("{9A19103F-16F7-4668-BE54-9A1E7A4F7556}") = "VKEshop.Catalog.Domain", "src\Services\Catalog\VKEshop.Catalog.Domain\VKEshop.Catalog.Domain.csproj", "{2F1C5527-D10A-4825-888B-0C8F27A54194}"
EndProject
Project("{9A19103F-16F7-4668-BE54-9A1E7A4F7556}") = "VKEshop.Catalog.Persistence", "src\Services\Catalog\VKEshop.Catalog.Persistence\VKEshop.Catalog.Persistence.csproj", "{5B565E17-131F-440E-ADCD-DAC0584CA12B}"
EndProject
Project("{9A19103F-16F7-4668-BE54-9A1E7A4F7556}") = "VKEshop.Basket.API", "src\Services\Basket\VKEshop.Basket.API\VKEshop.Basket.API.csproj", "{961F15FA-9D89-482E-8FA1-3423E5F39A8F}"
EndProject
Project("{2150E333-8FDC-42A3-9474-1A3956D46DE8}") = "Common", "Common", "{A30CDE0C-E490-4A0D-A785-DB5395282B9B}"
EndProject
Project("{9A19103F-16F7-4668-BE54-9A1E7A4F7556}") = "VKEshop.MessageBus", "src\Common\VKEshop.MessageBus\VKEshop.MessageBus.csproj", "{41E42A92-3B01-4285-B241-0BB2E23149F7}"
EndProject
Project("{9A19103F-16F7-4668-BE54-9A1E7A4F7556}") = "VKEshop.Orders.API", "src\Services\Order\VKEshop.Orders.API\VKEshop.Orders.API.csproj", "{F1907F29-BFF5-41F2-AC8F-D4FB043A9319}"
EndProject
Project("{2150E333-8FDC-42A3-9474-1A3956D46DE8}") = "Solution Items", "Solution Items", "{395687C0-FF00-4C23-99D7-10BB7A73BF82}"
	ProjectSection(SolutionItems) = preProject
		EventFlows.txt = EventFlows.txt
		microserviceEndPoints.txt = microserviceEndPoints.txt
	EndProjectSection
EndProject
Project("{2150E333-8FDC-42A3-9474-1A3956D46DE8}") = "Stock", "Stock", "{899C35B3-1FE8-40FF-A258-9185BAE9B711}"
EndProject
Project("{9A19103F-16F7-4668-BE54-9A1E7A4F7556}") = "VKEshop.Stock.API", "src\Services\Stock\VKEshop.Stock.API\VKEshop.Stock.API.csproj", "{83AB51BD-D27D-4080-83B5-576278EA447B}"
EndProject
Project("{9A19103F-16F7-4668-BE54-9A1E7A4F7556}") = "VKEshop.Payment.API", "src\Services\Payment\VKEshop.Payment.API\VKEshop.Payment.API.csproj", "{B36CC6BA-65C8-4319-ADA6-013322F3315C}"
EndProject
Project("{2150E333-8FDC-42A3-9474-1A3956D46DE8}") = "Gateways", "Gateways", "{BAA43580-6D5F-4366-B0CF-6DF4F6885B1A}"
EndProject
Project("{FAE04EC0-301F-11D3-BF4B-00C04F79EFBC}") = "VKEshop.Gateway.YARP", "src\Gateways\VKEshop.Gateway.YARP\VKEshop.Gateway.YARP.csproj", "{28C403F9-5E94-45E6-8011-8A0043DB2356}"
EndProject
Project("{E53339B2-1760-4266-BCC7-CA923CBCF16C}") = "docker-compose", "docker-compose.dcproj", "{4EA7C148-D6F6-4115-80DB-5A782B4EDF44}"
EndProject
Global
	GlobalSection(SolutionConfigurationPlatforms) = preSolution
		Debug|Any CPU = Debug|Any CPU
		Release|Any CPU = Release|Any CPU
	EndGlobalSection
	GlobalSection(ProjectConfigurationPlatforms) = postSolution
		{0EBE165A-171E-4D4C-84E4-861EEF97B0E6}.Debug|Any CPU.ActiveCfg = Debug|Any CPU
		{0EBE165A-171E-4D4C-84E4-861EEF97B0E6}.Debug|Any CPU.Build.0 = Debug|Any CPU
		{0EBE165A-171E-4D4C-84E4-861EEF97B0E6}.Release|Any CPU.ActiveCfg = Release|Any CPU
		{0EBE165A-171E-4D4C-84E4-861EEF97B0E6}.Release|Any CPU.Build.0 = Release|Any CPU
		{1D3F9326-095D-471B-849A-4E8546EA73A9}.Debug|Any CPU.ActiveCfg = Debug|Any CPU
		{1D3F9326-095D-471B-849A-4E8546EA73A9}.Debug|Any CPU.Build.0 = Debug|Any CPU
		{1D3F9326-095D-471B-849A-4E8546EA73A9}.Release|Any CPU.ActiveCfg = Release|Any CPU
		{1D3F9326-095D-471B-849A-4E8546EA73A9}.Release|Any CPU.Build.0 = Release|Any CPU
		{2F1C5527-D10A-4825-888B-0C8F27A54194}.Debug|Any CPU.ActiveCfg = Debug|Any CPU
		{2F1C5527-D10A-4825-888B-0C8F27A54194}.Debug|Any CPU.Build.0 = Debug|Any CPU
		{2F1C5527-D10A-4825-888B-0C8F27A54194}.Release|Any CPU.ActiveCfg = Release|Any CPU
		{2F1C5527-D10A-4825-888B-0C8F27A54194}.Release|Any CPU.Build.0 = Release|Any CPU
		{5B565E17-131F-440E-ADCD-DAC0584CA12B}.Debug|Any CPU.ActiveCfg = Debug|Any CPU
		{5B565E17-131F-440E-ADCD-DAC0584CA12B}.Debug|Any CPU.Build.0 = Debug|Any CPU
		{5B565E17-131F-440E-ADCD-DAC0584CA12B}.Release|Any CPU.ActiveCfg = Release|Any CPU
		{5B565E17-131F-440E-ADCD-DAC0584CA12B}.Release|Any CPU.Build.0 = Release|Any CPU
		{961F15FA-9D89-482E-8FA1-3423E5F39A8F}.Debug|Any CPU.ActiveCfg = Debug|Any CPU
		{961F15FA-9D89-482E-8FA1-3423E5F39A8F}.Debug|Any CPU.Build.0 = Debug|Any CPU
		{961F15FA-9D89-482E-8FA1-3423E5F39A8F}.Release|Any CPU.ActiveCfg = Release|Any CPU
		{961F15FA-9D89-482E-8FA1-3423E5F39A8F}.Release|Any CPU.Build.0 = Release|Any CPU
		{41E42A92-3B01-4285-B241-0BB2E23149F7}.Debug|Any CPU.ActiveCfg = Debug|Any CPU
		{41E42A92-3B01-4285-B241-0BB2E23149F7}.Debug|Any CPU.Build.0 = Debug|Any CPU
		{41E42A92-3B01-4285-B241-0BB2E23149F7}.Release|Any CPU.ActiveCfg = Release|Any CPU
		{41E42A92-3B01-4285-B241-0BB2E23149F7}.Release|Any CPU.Build.0 = Release|Any CPU
		{F1907F29-BFF5-41F2-AC8F-D4FB043A9319}.Debug|Any CPU.ActiveCfg = Debug|Any CPU
		{F1907F29-BFF5-41F2-AC8F-D4FB043A9319}.Debug|Any CPU.Build.0 = Debug|Any CPU
		{F1907F29-BFF5-41F2-AC8F-D4FB043A9319}.Release|Any CPU.ActiveCfg = Release|Any CPU
		{F1907F29-BFF5-41F2-AC8F-D4FB043A9319}.Release|Any CPU.Build.0 = Release|Any CPU
		{83AB51BD-D27D-4080-83B5-576278EA447B}.Debug|Any CPU.ActiveCfg = Debug|Any CPU
		{83AB51BD-D27D-4080-83B5-576278EA447B}.Debug|Any CPU.Build.0 = Debug|Any CPU
		{83AB51BD-D27D-4080-83B5-576278EA447B}.Release|Any CPU.ActiveCfg = Release|Any CPU
		{83AB51BD-D27D-4080-83B5-576278EA447B}.Release|Any CPU.Build.0 = Release|Any CPU
		{B36CC6BA-65C8-4319-ADA6-013322F3315C}.Debug|Any CPU.ActiveCfg = Debug|Any CPU
		{B36CC6BA-65C8-4319-ADA6-013322F3315C}.Debug|Any CPU.Build.0 = Debug|Any CPU
		{B36CC6BA-65C8-4319-ADA6-013322F3315C}.Release|Any CPU.ActiveCfg = Release|Any CPU
		{B36CC6BA-65C8-4319-ADA6-013322F3315C}.Release|Any CPU.Build.0 = Release|Any CPU
		{28C403F9-5E94-45E6-8011-8A0043DB2356}.Debug|Any CPU.ActiveCfg = Debug|Any CPU
		{28C403F9-5E94-45E6-8011-8A0043DB2356}.Debug|Any CPU.Build.0 = Debug|Any CPU
		{28C403F9-5E94-45E6-8011-8A0043DB2356}.Release|Any CPU.ActiveCfg = Release|Any CPU
		{28C403F9-5E94-45E6-8011-8A0043DB2356}.Release|Any CPU.Build.0 = Release|Any CPU
		{4EA7C148-D6F6-4115-80DB-5A782B4EDF44}.Debug|Any CPU.ActiveCfg = Debug|Any CPU
		{4EA7C148-D6F6-4115-80DB-5A782B4EDF44}.Debug|Any CPU.Build.0 = Debug|Any CPU
		{4EA7C148-D6F6-4115-80DB-5A782B4EDF44}.Release|Any CPU.ActiveCfg = Release|Any CPU
		{4EA7C148-D6F6-4115-80DB-5A782B4EDF44}.Release|Any CPU.Build.0 = Release|Any CPU
	EndGlobalSection
	GlobalSection(SolutionProperties) = preSolution
		HideSolutionNode = FALSE
	EndGlobalSection
	GlobalSection(NestedProjects) = preSolution
		{D38CFE50-EE17-4EDA-8B48-41206509854E} = {B7A50A05-AEDB-4847-A1FB-D157D8A0F39F}
		{5FFE3B11-41E5-4A79-AFBF-1167AB6F01EE} = {D38CFE50-EE17-4EDA-8B48-41206509854E}
		{4F93D665-3B0D-42F2-BAC3-A3CEFC83C5E0} = {D38CFE50-EE17-4EDA-8B48-41206509854E}
		{763B6B2A-C716-42E2-BF98-BC95C716082D} = {D38CFE50-EE17-4EDA-8B48-41206509854E}
		{18C04529-28B4-4A63-B90F-1EC154825439} = {D38CFE50-EE17-4EDA-8B48-41206509854E}
		{0EBE165A-171E-4D4C-84E4-861EEF97B0E6} = {5FFE3B11-41E5-4A79-AFBF-1167AB6F01EE}
		{1D3F9326-095D-471B-849A-4E8546EA73A9} = {5FFE3B11-41E5-4A79-AFBF-1167AB6F01EE}
		{2F1C5527-D10A-4825-888B-0C8F27A54194} = {5FFE3B11-41E5-4A79-AFBF-1167AB6F01EE}
		{5B565E17-131F-440E-ADCD-DAC0584CA12B} = {5FFE3B11-41E5-4A79-AFBF-1167AB6F01EE}
		{961F15FA-9D89-482E-8FA1-3423E5F39A8F} = {4F93D665-3B0D-42F2-BAC3-A3CEFC83C5E0}
		{A30CDE0C-E490-4A0D-A785-DB5395282B9B} = {B7A50A05-AEDB-4847-A1FB-D157D8A0F39F}
		{41E42A92-3B01-4285-B241-0BB2E23149F7} = {A30CDE0C-E490-4A0D-A785-DB5395282B9B}
		{F1907F29-BFF5-41F2-AC8F-D4FB043A9319} = {763B6B2A-C716-42E2-BF98-BC95C716082D}
		{899C35B3-1FE8-40FF-A258-9185BAE9B711} = {D38CFE50-EE17-4EDA-8B48-41206509854E}
		{83AB51BD-D27D-4080-83B5-576278EA447B} = {899C35B3-1FE8-40FF-A258-9185BAE9B711}
		{B36CC6BA-65C8-4319-ADA6-013322F3315C} = {18C04529-28B4-4A63-B90F-1EC154825439}
		{BAA43580-6D5F-4366-B0CF-6DF4F6885B1A} = {B7A50A05-AEDB-4847-A1FB-D157D8A0F39F}
		{28C403F9-5E94-45E6-8011-8A0043DB2356} = {BAA43580-6D5F-4366-B0CF-6DF4F6885B1A}
	EndGlobalSection
	GlobalSection(ExtensibilityGlobals) = postSolution
		SolutionGuid = {8ADC4AAE-0CFE-4345-9D15-15637E649025}
	EndGlobalSection
EndGlobal
